// !$*UTF8*$!
{
	archiveVersion = 1;
	classes = {
	};
	objectVersion = 55;
	objects = {

/* Begin PBXBuildFile section */
		691C038A2768C50A000DE236 /* AppDelegate.swift in Sources */ = {isa = PBXBuildFile; fileRef = 691C03892768C50A000DE236 /* AppDelegate.swift */; };
		691C03942768C50A000DE236 /* AirbnbClone.xcdatamodeld in Sources */ = {isa = PBXBuildFile; fileRef = 691C03922768C50A000DE236 /* AirbnbClone.xcdatamodeld */; };
		691C03962768C50C000DE236 /* Assets.xcassets in Resources */ = {isa = PBXBuildFile; fileRef = 691C03952768C50C000DE236 /* Assets.xcassets */; };
		691C03992768C50C000DE236 /* LaunchScreen.storyboard in Resources */ = {isa = PBXBuildFile; fileRef = 691C03972768C50C000DE236 /* LaunchScreen.storyboard */; };
		691C03AC2768C9F2000DE236 /* ViewController.swift in Sources */ = {isa = PBXBuildFile; fileRef = 691C03AA2768C9F2000DE236 /* ViewController.swift */; };
		691C03AD2768C9F2000DE236 /* ViewController.xib in Resources */ = {isa = PBXBuildFile; fileRef = 691C03AB2768C9F2000DE236 /* ViewController.xib */; };
		691C03B02768CB18000DE236 /* MainViewController.swift in Sources */ = {isa = PBXBuildFile; fileRef = 691C03AE2768CB18000DE236 /* MainViewController.swift */; };
		691C03B12768CB18000DE236 /* MainViewController.xib in Resources */ = {isa = PBXBuildFile; fileRef = 691C03AF2768CB18000DE236 /* MainViewController.xib */; };
		691C03B82768E382000DE236 /* MainTableViewCell.swift in Sources */ = {isa = PBXBuildFile; fileRef = 691C03B62768E382000DE236 /* MainTableViewCell.swift */; };
		691C03B92768E382000DE236 /* MainTableViewCell.xib in Resources */ = {isa = PBXBuildFile; fileRef = 691C03B72768E382000DE236 /* MainTableViewCell.xib */; };
		692A89D527693FAF0026002F /* DetailViewController.swift in Sources */ = {isa = PBXBuildFile; fileRef = 692A89D327693FAF0026002F /* DetailViewController.swift */; };
		692A89D627693FAF0026002F /* DetailViewController.xib in Resources */ = {isa = PBXBuildFile; fileRef = 692A89D427693FAF0026002F /* DetailViewController.xib */; };
		692A89DA276941390026002F /* DetailTableViewCell.swift in Sources */ = {isa = PBXBuildFile; fileRef = 692A89D8276941390026002F /* DetailTableViewCell.swift */; };
		692A89DB276941390026002F /* DetailTableViewCell.xib in Resources */ = {isa = PBXBuildFile; fileRef = 692A89D9276941390026002F /* DetailTableViewCell.xib */; };
/* End PBXBuildFile section */

/* Begin PBXFileReference section */
		691C03862768C50A000DE236 /* AirbnbClone.app */ = {isa = PBXFileReference; explicitFileType = wrapper.application; includeInIndex = 0; path = AirbnbClone.app; sourceTree = BUILT_PRODUCTS_DIR; };
		691C03892768C50A000DE236 /* AppDelegate.swift */ = {isa = PBXFileReference; lastKnownFileType = sourcecode.swift; path = AppDelegate.swift; sourceTree = "<group>"; };
		691C03932768C50A000DE236 /* AirbnbClone.xcdatamodel */ = {isa = PBXFileReference; lastKnownFileType = wrapper.xcdatamodel; path = AirbnbClone.xcdatamodel; sourceTree = "<group>"; };
		691C03952768C50C000DE236 /* Assets.xcassets */ = {isa = PBXFileReference; lastKnownFileType = folder.assetcatalog; path = Assets.xcassets; sourceTree = "<group>"; };
		691C03982768C50C000DE236 /* Base */ = {isa = PBXFileReference; lastKnownFileType = file.storyboard; name = Base; path = Base.lproj/LaunchScreen.storyboard; sourceTree = "<group>"; };
		691C039A2768C50C000DE236 /* Info.plist */ = {isa = PBXFileReference; lastKnownFileType = text.plist.xml; path = Info.plist; sourceTree = "<group>"; };
		691C03AA2768C9F2000DE236 /* ViewController.swift */ = {isa = PBXFileReference; lastKnownFileType = sourcecode.swift; path = ViewController.swift; sourceTree = "<group>"; };
		691C03AB2768C9F2000DE236 /* ViewController.xib */ = {isa = PBXFileReference; lastKnownFileType = file.xib; path = ViewController.xib; sourceTree = "<group>"; };
		691C03AE2768CB18000DE236 /* MainViewController.swift */ = {isa = PBXFileReference; lastKnownFileType = sourcecode.swift; path = MainViewController.swift; sourceTree = "<group>"; };
		691C03AF2768CB18000DE236 /* MainViewController.xib */ = {isa = PBXFileReference; lastKnownFileType = file.xib; path = MainViewController.xib; sourceTree = "<group>"; };
		691C03B62768E382000DE236 /* MainTableViewCell.swift */ = {isa = PBXFileReference; lastKnownFileType = sourcecode.swift; path = MainTableViewCell.swift; sourceTree = "<group>"; };
		691C03B72768E382000DE236 /* MainTableViewCell.xib */ = {isa = PBXFileReference; lastKnownFileType = file.xib; path = MainTableViewCell.xib; sourceTree = "<group>"; };
		692A89D327693FAF0026002F /* DetailViewController.swift */ = {isa = PBXFileReference; lastKnownFileType = sourcecode.swift; path = DetailViewController.swift; sourceTree = "<group>"; };
		692A89D427693FAF0026002F /* DetailViewController.xib */ = {isa = PBXFileReference; lastKnownFileType = file.xib; path = DetailViewController.xib; sourceTree = "<group>"; };
		692A89D8276941390026002F /* DetailTableViewCell.swift */ = {isa = PBXFileReference; lastKnownFileType = sourcecode.swift; path = DetailTableViewCell.swift; sourceTree = "<group>"; };
		692A89D9276941390026002F /* DetailTableViewCell.xib */ = {isa = PBXFileReference; lastKnownFileType = file.xib; path = DetailTableViewCell.xib; sourceTree = "<group>"; };
/* End PBXFileReference section */

/* Begin PBXFrameworksBuildPhase section */
		691C03832768C50A000DE236 /* Frameworks */ = {
			isa = PBXFrameworksBuildPhase;
			buildActionMask = 2147483647;
			files = (
			);
			runOnlyForDeploymentPostprocessing = 0;
		};
/* End PBXFrameworksBuildPhase section */

/* Begin PBXGroup section */
		691C037D2768C50A000DE236 = {
			isa = PBXGroup;
			children = (
				691C03882768C50A000DE236 /* AirbnbClone */,
				691C03872768C50A000DE236 /* Products */,
			);
			sourceTree = "<group>";
		};
		691C03872768C50A000DE236 /* Products */ = {
			isa = PBXGroup;
			children = (
				691C03862768C50A000DE236 /* AirbnbClone.app */,
			);
			name = Products;
			sourceTree = "<group>";
		};
		691C03882768C50A000DE236 /* AirbnbClone */ = {
			isa = PBXGroup;
			children = (
				691C03A92768C9B8000DE236 /* StartModule */,
				691C03A02768C755000DE236 /* MainModule */,
				691C03A12768C76A000DE236 /* DetailModule */,
				691C03A22768C79D000DE236 /* Resourses */,
				691C039A2768C50C000DE236 /* Info.plist */,
				691C03922768C50A000DE236 /* AirbnbClone.xcdatamodeld */,
			);
			path = AirbnbClone;
			sourceTree = "<group>";
		};
		691C03A02768C755000DE236 /* MainModule */ = {
			isa = PBXGroup;
			children = (
				691C03A82768C823000DE236 /* Model */,
				691C03A62768C814000DE236 /* View */,
				691C03A32768C7F3000DE236 /* Presenter */,
			);
			path = MainModule;
			sourceTree = "<group>";
		};
		691C03A12768C76A000DE236 /* DetailModule */ = {
			isa = PBXGroup;
			children = (
				691C03A72768C81A000DE236 /* Model */,
				691C03A52768C809000DE236 /* View */,
				691C03A42768C800000DE236 /* Presenter */,
			);
			path = DetailModule;
			sourceTree = "<group>";
		};
		691C03A22768C79D000DE236 /* Resourses */ = {
			isa = PBXGroup;
			children = (
				691C03892768C50A000DE236 /* AppDelegate.swift */,
				691C03952768C50C000DE236 /* Assets.xcassets */,
				691C03972768C50C000DE236 /* LaunchScreen.storyboard */,
			);
			path = Resourses;
			sourceTree = "<group>";
		};
		691C03A32768C7F3000DE236 /* Presenter */ = {
			isa = PBXGroup;
			children = (
			);
			path = Presenter;
			sourceTree = "<group>";
		};
		691C03A42768C800000DE236 /* Presenter */ = {
			isa = PBXGroup;
			children = (
			);
			path = Presenter;
			sourceTree = "<group>";
		};
		691C03A52768C809000DE236 /* View */ = {
			isa = PBXGroup;
			children = (
				692A89D327693FAF0026002F /* DetailViewController.swift */,
				692A89D427693FAF0026002F /* DetailViewController.xib */,
				692A89D7276941200026002F /* Cell */,
			);
			path = View;
			sourceTree = "<group>";
		};
		691C03A62768C814000DE236 /* View */ = {
			isa = PBXGroup;
			children = (
				691C03AE2768CB18000DE236 /* MainViewController.swift */,
				691C03AF2768CB18000DE236 /* MainViewController.xib */,
				691C03BA2768EE5B000DE236 /* Cell */,
			);
			path = View;
			sourceTree = "<group>";
		};
		691C03A72768C81A000DE236 /* Model */ = {
			isa = PBXGroup;
			children = (
			);
			path = Model;
			sourceTree = "<group>";
		};
		691C03A82768C823000DE236 /* Model */ = {
			isa = PBXGroup;
			children = (
			);
			path = Model;
			sourceTree = "<group>";
		};
		691C03A92768C9B8000DE236 /* StartModule */ = {
			isa = PBXGroup;
			children = (
				691C03AA2768C9F2000DE236 /* ViewController.swift */,
				691C03AB2768C9F2000DE236 /* ViewController.xib */,
			);
			path = StartModule;
			sourceTree = "<group>";
		};
		691C03BA2768EE5B000DE236 /* Cell */ = {
			isa = PBXGroup;
			children = (
				691C03B62768E382000DE236 /* MainTableViewCell.swift */,
				691C03B72768E382000DE236 /* MainTableViewCell.xib */,
			);
			path = Cell;
			sourceTree = "<group>";
		};
		692A89D7276941200026002F /* Cell */ = {
			isa = PBXGroup;
			children = (
				692A89D8276941390026002F /* DetailTableViewCell.swift */,
				692A89D9276941390026002F /* DetailTableViewCell.xib */,
			);
			path = Cell;
			sourceTree = "<group>";
		};
/* End PBXGroup section */

/* Begin PBXNativeTarget section */
		691C03852768C50A000DE236 /* AirbnbClone */ = {
			isa = PBXNativeTarget;
			buildConfigurationList = 691C039D2768C50C000DE236 /* Build configuration list for PBXNativeTarget "AirbnbClone" */;
			buildPhases = (
				691C03822768C50A000DE236 /* Sources */,
				691C03832768C50A000DE236 /* Frameworks */,
				691C03842768C50A000DE236 /* Resources */,
			);
			buildRules = (
			);
			dependencies = (
			);
			name = AirbnbClone;
			productName = AirbnbClone;
			productReference = 691C03862768C50A000DE236 /* AirbnbClone.app */;
			productType = "com.apple.product-type.application";
		};
/* End PBXNativeTarget section */

/* Begin PBXProject section */
		691C037E2768C50A000DE236 /* Project object */ = {
			isa = PBXProject;
			attributes = {
				BuildIndependentTargetsInParallel = 1;
				LastSwiftUpdateCheck = 1300;
				LastUpgradeCheck = 1300;
				TargetAttributes = {
					691C03852768C50A000DE236 = {
						CreatedOnToolsVersion = 13.0;
					};
				};
			};
			buildConfigurationList = 691C03812768C50A000DE236 /* Build configuration list for PBXProject "AirbnbClone" */;
			compatibilityVersion = "Xcode 13.0";
			developmentRegion = en;
			hasScannedForEncodings = 0;
			knownRegions = (
				en,
				Base,
			);
			mainGroup = 691C037D2768C50A000DE236;
			productRefGroup = 691C03872768C50A000DE236 /* Products */;
			projectDirPath = "";
			projectRoot = "";
			targets = (
				691C03852768C50A000DE236 /* AirbnbClone */,
			);
		};
/* End PBXProject section */

/* Begin PBXResourcesBuildPhase section */
		691C03842768C50A000DE236 /* Resources */ = {
			isa = PBXResourcesBuildPhase;
			buildActionMask = 2147483647;
			files = (
				691C03992768C50C000DE236 /* LaunchScreen.storyboard in Resources */,
				692A89D627693FAF0026002F /* DetailViewController.xib in Resources */,
				691C03AD2768C9F2000DE236 /* ViewController.xib in Resources */,
				691C03962768C50C000DE236 /* Assets.xcassets in Resources */,
				691C03B12768CB18000DE236 /* MainViewController.xib in Resources */,
				692A89DB276941390026002F /* DetailTableViewCell.xib in Resources */,
				691C03B92768E382000DE236 /* MainTableViewCell.xib in Resources */,
			);
			runOnlyForDeploymentPostprocessing = 0;
		};
/* End PBXResourcesBuildPhase section */

/* Begin PBXSourcesBuildPhase section */
		691C03822768C50A000DE236 /* Sources */ = {
			isa = PBXSourcesBuildPhase;
			buildActionMask = 2147483647;
			files = (
				691C03AC2768C9F2000DE236 /* ViewController.swift in Sources */,
				691C038A2768C50A000DE236 /* AppDelegate.swift in Sources */,
				692A89DA276941390026002F /* DetailTableViewCell.swift in Sources */,
				691C03942768C50A000DE236 /* AirbnbClone.xcdatamodeld in Sources */,
				692A89D527693FAF0026002F /* DetailViewController.swift in Sources */,
				691C03B02768CB18000DE236 /* MainViewController.swift in Sources */,
				691C03B82768E382000DE236 /* MainTableViewCell.swift in Sources */,
			);
			runOnlyForDeploymentPostprocessing = 0;
		};
/* End PBXSourcesBuildPhase section */

/* Begin PBXVariantGroup section */
		691C03972768C50C000DE236 /* LaunchScreen.storyboard */ = {
			isa = PBXVariantGroup;
			children = (
				691C03982768C50C000DE236 /* Base */,
			);
			name = LaunchScreen.storyboard;
			sourceTree = "<group>";
		};
/* End PBXVariantGroup section */

/* Begin XCBuildConfiguration section */
		691C039B2768C50C000DE236 /* Debug */ = {
			isa = XCBuildConfiguration;
			buildSettings = {
				ALWAYS_SEARCH_USER_PATHS = NO;
				CLANG_ANALYZER_NONNULL = YES;
				CLANG_ANALYZER_NUMBER_OBJECT_CONVERSION = YES_AGGRESSIVE;
				CLANG_CXX_LANGUAGE_STANDARD = "gnu++17";
				CLANG_CXX_LIBRARY = "libc++";
				CLANG_ENABLE_MODULES = YES;
				CLANG_ENABLE_OBJC_ARC = YES;
				CLANG_ENABLE_OBJC_WEAK = YES;
				CLANG_WARN_BLOCK_CAPTURE_AUTORELEASING = YES;
				CLANG_WARN_BOOL_CONVERSION = YES;
				CLANG_WARN_COMMA = YES;
				CLANG_WARN_CONSTANT_CONVERSION = YES;
				CLANG_WARN_DEPRECATED_OBJC_IMPLEMENTATIONS = YES;
				CLANG_WARN_DIRECT_OBJC_ISA_USAGE = YES_ERROR;
				CLANG_WARN_DOCUMENTATION_COMMENTS = YES;
				CLANG_WARN_EMPTY_BODY = YES;
				CLANG_WARN_ENUM_CONVERSION = YES;
				CLANG_WARN_INFINITE_RECURSION = YES;
				CLANG_WARN_INT_CONVERSION = YES;
				CLANG_WARN_NON_LITERAL_NULL_CONVERSION = YES;
				CLANG_WARN_OBJC_IMPLICIT_RETAIN_SELF = YES;
				CLANG_WARN_OBJC_LITERAL_CONVERSION = YES;
				CLANG_WARN_OBJC_ROOT_CLASS = YES_ERROR;
				CLANG_WARN_QUOTED_INCLUDE_IN_FRAMEWORK_HEADER = YES;
				CLANG_WARN_RANGE_LOOP_ANALYSIS = YES;
				CLANG_WARN_STRICT_PROTOTYPES = YES;
				CLANG_WARN_SUSPICIOUS_MOVE = YES;
				CLANG_WARN_UNGUARDED_AVAILABILITY = YES_AGGRESSIVE;
				CLANG_WARN_UNREACHABLE_CODE = YES;
				CLANG_WARN__DUPLICATE_METHOD_MATCH = YES;
				COPY_PHASE_STRIP = NO;
				DEBUG_INFORMATION_FORMAT = dwarf;
				ENABLE_STRICT_OBJC_MSGSEND = YES;
				ENABLE_TESTABILITY = YES;
				GCC_C_LANGUAGE_STANDARD = gnu11;
				GCC_DYNAMIC_NO_PIC = NO;
				GCC_NO_COMMON_BLOCKS = YES;
				GCC_OPTIMIZATION_LEVEL = 0;
				GCC_PREPROCESSOR_DEFINITIONS = (
					"DEBUG=1",
					"$(inherited)",
				);
				GCC_WARN_64_TO_32_BIT_CONVERSION = YES;
				GCC_WARN_ABOUT_RETURN_TYPE = YES_ERROR;
				GCC_WARN_UNDECLARED_SELECTOR = YES;
				GCC_WARN_UNINITIALIZED_AUTOS = YES_AGGRESSIVE;
				GCC_WARN_UNUSED_FUNCTION = YES;
				GCC_WARN_UNUSED_VARIABLE = YES;
				IPHONEOS_DEPLOYMENT_TARGET = 15.0;
				MTL_ENABLE_DEBUG_INFO = INCLUDE_SOURCE;
				MTL_FAST_MATH = YES;
				ONLY_ACTIVE_ARCH = YES;
				SDKROOT = iphoneos;
				SWIFT_ACTIVE_COMPILATION_CONDITIONS = DEBUG;
				SWIFT_OPTIMIZATION_LEVEL = "-Onone";
			};
			name = Debug;
		};
		691C039C2768C50C000DE236 /* Release */ = {
			isa = XCBuildConfiguration;
			buildSettings = {
				ALWAYS_SEARCH_USER_PATHS = NO;
				CLANG_ANALYZER_NONNULL = YES;
				CLANG_ANALYZER_NUMBER_OBJECT_CONVERSION = YES_AGGRESSIVE;
				CLANG_CXX_LANGUAGE_STANDARD = "gnu++17";
				CLANG_CXX_LIBRARY = "libc++";
				CLANG_ENABLE_MODULES = YES;
				CLANG_ENABLE_OBJC_ARC = YES;
				CLANG_ENABLE_OBJC_WEAK = YES;
				CLANG_WARN_BLOCK_CAPTURE_AUTORELEASING = YES;
				CLANG_WARN_BOOL_CONVERSION = YES;
				CLANG_WARN_COMMA = YES;
				CLANG_WARN_CONSTANT_CONVERSION = YES;
				CLANG_WARN_DEPRECATED_OBJC_IMPLEMENTATIONS = YES;
				CLANG_WARN_DIRECT_OBJC_ISA_USAGE = YES_ERROR;
				CLANG_WARN_DOCUMENTATION_COMMENTS = YES;
				CLANG_WARN_EMPTY_BODY = YES;
				CLANG_WARN_ENUM_CONVERSION = YES;
				CLANG_WARN_INFINITE_RECURSION = YES;
				CLANG_WARN_INT_CONVERSION = YES;
				CLANG_WARN_NON_LITERAL_NULL_CONVERSION = YES;
				CLANG_WARN_OBJC_IMPLICIT_RETAIN_SELF = YES;
				CLANG_WARN_OBJC_LITERAL_CONVERSION = YES;
				CLANG_WARN_OBJC_ROOT_CLASS = YES_ERROR;
				CLANG_WARN_QUOTED_INCLUDE_IN_FRAMEWORK_HEADER = YES;
				CLANG_WARN_RANGE_LOOP_ANALYSIS = YES;
				CLANG_WARN_STRICT_PROTOTYPES = YES;
				CLANG_WARN_SUSPICIOUS_MOVE = YES;
				CLANG_WARN_UNGUARDED_AVAILABILITY = YES_AGGRESSIVE;
				CLANG_WARN_UNREACHABLE_CODE = YES;
				CLANG_WARN__DUPLICATE_METHOD_MATCH = YES;
				COPY_PHASE_STRIP = NO;
				DEBUG_INFORMATION_FORMAT = "dwarf-with-dsym";
				ENABLE_NS_ASSERTIONS = NO;
				ENABLE_STRICT_OBJC_MSGSEND = YES;
				GCC_C_LANGUAGE_STANDARD = gnu11;
				GCC_NO_COMMON_BLOCKS = YES;
				GCC_WARN_64_TO_32_BIT_CONVERSION = YES;
				GCC_WARN_ABOUT_RETURN_TYPE = YES_ERROR;
				GCC_WARN_UNDECLARED_SELECTOR = YES;
				GCC_WARN_UNINITIALIZED_AUTOS = YES_AGGRESSIVE;
				GCC_WARN_UNUSED_FUNCTION = YES;
				GCC_WARN_UNUSED_VARIABLE = YES;
				IPHONEOS_DEPLOYMENT_TARGET = 15.0;
				MTL_ENABLE_DEBUG_INFO = NO;
				MTL_FAST_MATH = YES;
				SDKROOT = iphoneos;
				SWIFT_COMPILATION_MODE = wholemodule;
				SWIFT_OPTIMIZATION_LEVEL = "-O";
				VALIDATE_PRODUCT = YES;
			};
			name = Release;
		};
		691C039E2768C50C000DE236 /* Debug */ = {
			isa = XCBuildConfiguration;
			buildSettings = {
				ASSETCATALOG_COMPILER_APPICON_NAME = AppIcon;
				ASSETCATALOG_COMPILER_GLOBAL_ACCENT_COLOR_NAME = AccentColor;
				CODE_SIGN_STYLE = Automatic;
				CURRENT_PROJECT_VERSION = 1;
				DEVELOPMENT_TEAM = ZWC3XWL85W;
				GENERATE_INFOPLIST_FILE = YES;
				INFOPLIST_FILE = AirbnbClone/Info.plist;
				INFOPLIST_KEY_UIApplicationSupportsIndirectInputEvents = YES;
				INFOPLIST_KEY_UILaunchStoryboardName = LaunchScreen;
				INFOPLIST_KEY_UISupportedInterfaceOrientations_iPad = "UIInterfaceOrientationPortrait UIInterfaceOrientationPortraitUpsideDown UIInterfaceOrientationLandscapeLeft UIInterfaceOrientationLandscapeRight";
				INFOPLIST_KEY_UISupportedInterfaceOrientations_iPhone = "UIInterfaceOrientationPortrait UIInterfaceOrientationLandscapeLeft UIInterfaceOrientationLandscapeRight";
				LD_RUNPATH_SEARCH_PATHS = (
					"$(inherited)",
					"@executable_path/Frameworks",
				);
				MARKETING_VERSION = 1.0;
				PRODUCT_BUNDLE_IDENTIFIER = "-.AirbnbClone";
				PRODUCT_NAME = "$(TARGET_NAME)";
				SWIFT_EMIT_LOC_STRINGS = YES;
				SWIFT_VERSION = 5.0;
				TARGETED_DEVICE_FAMILY = "1,2";
			};
			name = Debug;
		};
		691C039F2768C50C000DE236 /* Release */ = {
			isa = XCBuildConfiguration;
			buildSettings = {
				ASSETCATALOG_COMPILER_APPICON_NAME = AppIcon;
				ASSETCATALOG_COMPILER_GLOBAL_ACCENT_COLOR_NAME = AccentColor;
				CODE_SIGN_STYLE = Automatic;
				CURRENT_PROJECT_VERSION = 1;
				DEVELOPMENT_TEAM = ZWC3XWL85W;
				GENERATE_INFOPLIST_FILE = YES;
				INFOPLIST_FILE = AirbnbClone/Info.plist;
				INFOPLIST_KEY_UIApplicationSupportsIndirectInputEvents = YES;
				INFOPLIST_KEY_UILaunchStoryboardName = LaunchScreen;
				INFOPLIST_KEY_UISupportedInterfaceOrientations_iPad = "UIInterfaceOrientationPortrait UIInterfaceOrientationPortraitUpsideDown UIInterfaceOrientationLandscapeLeft UIInterfaceOrientationLandscapeRight";
				INFOPLIST_KEY_UISupportedInterfaceOrientations_iPhone = "UIInterfaceOrientationPortrait UIInterfaceOrientationLandscapeLeft UIInterfaceOrientationLandscapeRight";
				LD_RUNPATH_SEARCH_PATHS = (
					"$(inherited)",
					"@executable_path/Frameworks",
				);
				MARKETING_VERSION = 1.0;
				PRODUCT_BUNDLE_IDENTIFIER = "-.AirbnbClone";
				PRODUCT_NAME = "$(TARGET_NAME)";
				SWIFT_EMIT_LOC_STRINGS = YES;
				SWIFT_VERSION = 5.0;
				TARGETED_DEVICE_FAMILY = "1,2";
			};
			name = Release;
		};
/* End XCBuildConfiguration section */

/* Begin XCConfigurationList section */
		691C03812768C50A000DE236 /* Build configuration list for PBXProject "AirbnbClone" */ = {
			isa = XCConfigurationList;
			buildConfigurations = (
				691C039B2768C50C000DE236 /* Debug */,
				691C039C2768C50C000DE236 /* Release */,
			);
			defaultConfigurationIsVisible = 0;
			defaultConfigurationName = Release;
		};
		691C039D2768C50C000DE236 /* Build configuration list for PBXNativeTarget "AirbnbClone" */ = {
			isa = XCConfigurationList;
			buildConfigurations = (
				691C039E2768C50C000DE236 /* Debug */,
				691C039F2768C50C000DE236 /* Release */,
			);
			defaultConfigurationIsVisible = 0;
			defaultConfigurationName = Release;
		};
/* End XCConfigurationList section */

/* Begin XCVersionGroup section */
		691C03922768C50A000DE236 /* AirbnbClone.xcdatamodeld */ = {
			isa = XCVersionGroup;
			children = (
				691C03932768C50A000DE236 /* AirbnbClone.xcdatamodel */,
			);
			currentVersion = 691C03932768C50A000DE236 /* AirbnbClone.xcdatamodel */;
			path = AirbnbClone.xcdatamodeld;
			sourceTree = "<group>";
			versionGroupType = wrapper.xcdatamodel;
		};
/* End XCVersionGroup section */
	};
	rootObject = 691C037E2768C50A000DE236 /* Project object */;
}
